
Microsoft Visual Studio Solution File, Format Version 12.00
# Visual Studio Version 17
VisualStudioVersion = 17.0.31903.59
MinimumVisualStudioVersion = 10.0.40219.1
Project("{FAE04EC0-301F-11D3-BF4B-00C04F79EFBC}") = "Server", "Server\Server.csproj", "{CEC8A607-3D6F-46C3-986C-342BA41AC2CE}"
EndProject
Project("{FAE04EC0-301F-11D3-BF4B-00C04F79EFBC}") = "Application", "Application\Application.csproj", "{917383D5-7483-4705-BCE1-AF775F1CBF54}"
EndProject
Project("{FAE04EC0-301F-11D3-BF4B-00C04F79EFBC}") = "Infrastructure", "Infrastructure\Infrastructure.csproj", "{EF22F170-A54E-40F6-9C2F-4ED7A2090460}"
EndProject
Project("{FAE04EC0-301F-11D3-BF4B-00C04F79EFBC}") = "Domain", "Domain\Domain.csproj", "{9C85825E-D135-489C-8A30-C7D4FF0CF277}"
EndProject
Global
	GlobalSection(SolutionConfigurationPlatforms) = preSolution
		Debug|Any CPU = Debug|Any CPU
		Release|Any CPU = Release|Any CPU
	EndGlobalSection
	GlobalSection(SolutionProperties) = preSolution
		HideSolutionNode = FALSE
	EndGlobalSection
	GlobalSection(ProjectConfigurationPlatforms) = postSolution
		{CEC8A607-3D6F-46C3-986C-342BA41AC2CE}.Debug|Any CPU.ActiveCfg = Debug|Any CPU
		{CEC8A607-3D6F-46C3-986C-342BA41AC2CE}.Debug|Any CPU.Build.0 = Debug|Any CPU
		{CEC8A607-3D6F-46C3-986C-342BA41AC2CE}.Release|Any CPU.ActiveCfg = Release|Any CPU
		{CEC8A607-3D6F-46C3-986C-342BA41AC2CE}.Release|Any CPU.Build.0 = Release|Any CPU
		{917383D5-7483-4705-BCE1-AF775F1CBF54}.Debug|Any CPU.ActiveCfg = Debug|Any CPU
		{917383D5-7483-4705-BCE1-AF775F1CBF54}.Debug|Any CPU.Build.0 = Debug|Any CPU
		{917383D5-7483-4705-BCE1-AF775F1CBF54}.Release|Any CPU.ActiveCfg = Release|Any CPU
		{917383D5-7483-4705-BCE1-AF775F1CBF54}.Release|Any CPU.Build.0 = Release|Any CPU
		{EF22F170-A54E-40F6-9C2F-4ED7A2090460}.Debug|Any CPU.ActiveCfg = Debug|Any CPU
		{EF22F170-A54E-40F6-9C2F-4ED7A2090460}.Debug|Any CPU.Build.0 = Debug|Any CPU
		{EF22F170-A54E-40F6-9C2F-4ED7A2090460}.Release|Any CPU.ActiveCfg = Release|Any CPU
		{EF22F170-A54E-40F6-9C2F-4ED7A2090460}.Release|Any CPU.Build.0 = Release|Any CPU
		{9C85825E-D135-489C-8A30-C7D4FF0CF277}.Debug|Any CPU.ActiveCfg = Debug|Any CPU
		{9C85825E-D135-489C-8A30-C7D4FF0CF277}.Debug|Any CPU.Build.0 = Debug|Any CPU
		{9C85825E-D135-489C-8A30-C7D4FF0CF277}.Release|Any CPU.ActiveCfg = Release|Any CPU
		{9C85825E-D135-489C-8A30-C7D4FF0CF277}.Release|Any CPU.Build.0 = Release|Any CPU
	EndGlobalSection
EndGlobal
